
Microsoft Visual Studio Solution File, Format Version 12.00
# Visual Studio 2012
Project("{FAE04EC0-301F-11D3-BF4B-00C04F79EFBC}") = "Latihan_1_1", "Latihan_1_1\Latihan_1_1.csproj", "{7A19EF1C-E640-4CFC-AF5D-8BD9AD5577AA}"
EndProject
Project("{FAE04EC0-301F-11D3-BF4B-00C04F79EFBC}") = "Latihan_1_2", "Latihan_1_2\Latihan_1_2.csproj", "{00F7F9BA-A697-47C9-9C90-F1103908EED0}"
EndProject
Project("{FAE04EC0-301F-11D3-BF4B-00C04F79EFBC}") = "Latihan_2_1", "Latihan_2_1\Latihan_2_1.csproj", "{68BDBAD7-4281-4B27-A240-E5A4184DAA3B}"
EndProject
Project("{FAE04EC0-301F-11D3-BF4B-00C04F79EFBC}") = "Latihan_3_1", "Latihan_3_1\Latihan_3_1.csproj", "{9DD0030F-E69A-4B53-87AA-2E0AAF335D51}"
EndProject
Project("{FAE04EC0-301F-11D3-BF4B-00C04F79EFBC}") = "Latihan_4_1", "Latihan_4_1\Latihan_4_1.csproj", "{0EAF11E5-7E0B-42D0-891F-9F2A8B272E54}"
EndProject
Project("{FAE04EC0-301F-11D3-BF4B-00C04F79EFBC}") = "Latihan_5_1", "Latihan_5_1\Latihan_5_1.csproj", "{D97BC6D2-D445-40B4-958D-02BF3B437C91}"
EndProject
Project("{FAE04EC0-301F-11D3-BF4B-00C04F79EFBC}") = "VolleyBall_Problem", "VolleyBall_Problem\VolleyBall_Problem.csproj", "{07C0227D-9376-4B87-8BAB-B2A5801BEF71}"
EndProject
Global
	GlobalSection(SolutionConfigurationPlatforms) = preSolution
		Debug|Any CPU = Debug|Any CPU
		Release|Any CPU = Release|Any CPU
	EndGlobalSection
	GlobalSection(ProjectConfigurationPlatforms) = postSolution
		{7A19EF1C-E640-4CFC-AF5D-8BD9AD5577AA}.Debug|Any CPU.ActiveCfg = Debug|Any CPU
		{7A19EF1C-E640-4CFC-AF5D-8BD9AD5577AA}.Debug|Any CPU.Build.0 = Debug|Any CPU
		{7A19EF1C-E640-4CFC-AF5D-8BD9AD5577AA}.Release|Any CPU.ActiveCfg = Release|Any CPU
		{7A19EF1C-E640-4CFC-AF5D-8BD9AD5577AA}.Release|Any CPU.Build.0 = Release|Any CPU
		{00F7F9BA-A697-47C9-9C90-F1103908EED0}.Debug|Any CPU.ActiveCfg = Debug|Any CPU
		{00F7F9BA-A697-47C9-9C90-F1103908EED0}.Debug|Any CPU.Build.0 = Debug|Any CPU
		{00F7F9BA-A697-47C9-9C90-F1103908EED0}.Release|Any CPU.ActiveCfg = Release|Any CPU
		{00F7F9BA-A697-47C9-9C90-F1103908EED0}.Release|Any CPU.Build.0 = Release|Any CPU
		{68BDBAD7-4281-4B27-A240-E5A4184DAA3B}.Debug|Any CPU.ActiveCfg = Debug|Any CPU
		{68BDBAD7-4281-4B27-A240-E5A4184DAA3B}.Debug|Any CPU.Build.0 = Debug|Any CPU
		{68BDBAD7-4281-4B27-A240-E5A4184DAA3B}.Release|Any CPU.ActiveCfg = Release|Any CPU
		{68BDBAD7-4281-4B27-A240-E5A4184DAA3B}.Release|Any CPU.Build.0 = Release|Any CPU
		{9DD0030F-E69A-4B53-87AA-2E0AAF335D51}.Debug|Any CPU.ActiveCfg = Debug|Any CPU
		{9DD0030F-E69A-4B53-87AA-2E0AAF335D51}.Debug|Any CPU.Build.0 = Debug|Any CPU
		{9DD0030F-E69A-4B53-87AA-2E0AAF335D51}.Release|Any CPU.ActiveCfg = Release|Any CPU
		{9DD0030F-E69A-4B53-87AA-2E0AAF335D51}.Release|Any CPU.Build.0 = Release|Any CPU
		{0EAF11E5-7E0B-42D0-891F-9F2A8B272E54}.Debug|Any CPU.ActiveCfg = Debug|Any CPU
		{0EAF11E5-7E0B-42D0-891F-9F2A8B272E54}.Debug|Any CPU.Build.0 = Debug|Any CPU
		{0EAF11E5-7E0B-42D0-891F-9F2A8B272E54}.Release|Any CPU.ActiveCfg = Release|Any CPU
		{0EAF11E5-7E0B-42D0-891F-9F2A8B272E54}.Release|Any CPU.Build.0 = Release|Any CPU
		{D97BC6D2-D445-40B4-958D-02BF3B437C91}.Debug|Any CPU.ActiveCfg = Debug|Any CPU
		{D97BC6D2-D445-40B4-958D-02BF3B437C91}.Debug|Any CPU.Build.0 = Debug|Any CPU
		{D97BC6D2-D445-40B4-958D-02BF3B437C91}.Release|Any CPU.ActiveCfg = Release|Any CPU
		{D97BC6D2-D445-40B4-958D-02BF3B437C91}.Release|Any CPU.Build.0 = Release|Any CPU
		{07C0227D-9376-4B87-8BAB-B2A5801BEF71}.Debug|Any CPU.ActiveCfg = Debug|Any CPU
		{07C0227D-9376-4B87-8BAB-B2A5801BEF71}.Debug|Any CPU.Build.0 = Debug|Any CPU
		{07C0227D-9376-4B87-8BAB-B2A5801BEF71}.Release|Any CPU.ActiveCfg = Release|Any CPU
		{07C0227D-9376-4B87-8BAB-B2A5801BEF71}.Release|Any CPU.Build.0 = Release|Any CPU
	EndGlobalSection
	GlobalSection(SolutionProperties) = preSolution
		HideSolutionNode = FALSE
	EndGlobalSection
EndGlobal
